
Microsoft Visual Studio Solution File, Format Version 12.00
# Visual Studio Version 16
VisualStudioVersion = 16.0.32510.428
MinimumVisualStudioVersion = 10.0.40219.1
Project("{FAE04EC0-301F-11D3-BF4B-00C04F79EFBC}") = "ServiciosWebTest", "ServiciosWebTest\ServiciosWebTest.csproj", "{5836FCA9-7D86-400A-9E50-2550870028BA}"
EndProject
Global
	GlobalSection(SolutionConfigurationPlatforms) = preSolution
		Debug|Any CPU = Debug|Any CPU
		Release|Any CPU = Release|Any CPU
	EndGlobalSection
	GlobalSection(ProjectConfigurationPlatforms) = postSolution
		{5836FCA9-7D86-400A-9E50-2550870028BA}.Debug|Any CPU.ActiveCfg = Debug|Any CPU
		{5836FCA9-7D86-400A-9E50-2550870028BA}.Debug|Any CPU.Build.0 = Debug|Any CPU
		{5836FCA9-7D86-400A-9E50-2550870028BA}.Release|Any CPU.ActiveCfg = Release|Any CPU
		{5836FCA9-7D86-400A-9E50-2550870028BA}.Release|Any CPU.Build.0 = Release|Any CPU
	EndGlobalSection
	GlobalSection(SolutionProperties) = preSolution
		HideSolutionNode = FALSE
	EndGlobalSection
	GlobalSection(ExtensibilityGlobals) = postSolution
		SolutionGuid = {498327D7-12B1-4A94-98A2-91332A1A5E73}
	EndGlobalSection
EndGlobal
